// !$*UTF8*$!
{
	archiveVersion = 1;
	classes = {
	};
	objectVersion = 50;
	objects = {

/* Begin PBXBuildFile section */
		AFF0347022C4F48D00FD5777 /* AppDelegate.swift in Sources */ = {isa = PBXBuildFile; fileRef = AFF0346F22C4F48D00FD5777 /* AppDelegate.swift */; };
		AFF0347222C4F48D00FD5777 /* NewsViewController.swift in Sources */ = {isa = PBXBuildFile; fileRef = AFF0347122C4F48D00FD5777 /* NewsViewController.swift */; };
		AFF0347522C4F48D00FD5777 /* Main.storyboard in Resources */ = {isa = PBXBuildFile; fileRef = AFF0347322C4F48D00FD5777 /* Main.storyboard */; };
		AFF0347722C4F48E00FD5777 /* Assets.xcassets in Resources */ = {isa = PBXBuildFile; fileRef = AFF0347622C4F48E00FD5777 /* Assets.xcassets */; };
		AFF0347A22C4F48E00FD5777 /* LaunchScreen.storyboard in Resources */ = {isa = PBXBuildFile; fileRef = AFF0347822C4F48E00FD5777 /* LaunchScreen.storyboard */; };
		AFF0349022C4F59400FD5777 /* NetworkManager.swift in Sources */ = {isa = PBXBuildFile; fileRef = AFF0348F22C4F59400FD5777 /* NetworkManager.swift */; };
		AFF0349222C5735400FD5777 /* NewsData.swift in Sources */ = {isa = PBXBuildFile; fileRef = AFF0349122C5735400FD5777 /* NewsData.swift */; };
		AFF0349422C5F10700FD5777 /* Extensions.swift in Sources */ = {isa = PBXBuildFile; fileRef = AFF0349322C5F10700FD5777 /* Extensions.swift */; };
		AFF0349922C5FD3B00FD5777 /* NewsCell.swift in Sources */ = {isa = PBXBuildFile; fileRef = AFF0349822C5FD3B00FD5777 /* NewsCell.swift */; };
		AFF0349B22C781DD00FD5777 /* LoaderCell.swift in Sources */ = {isa = PBXBuildFile; fileRef = AFF0349A22C781DD00FD5777 /* LoaderCell.swift */; };
		AFF0349D22C7A3AA00FD5777 /* Utils.swift in Sources */ = {isa = PBXBuildFile; fileRef = AFF0349C22C7A3AA00FD5777 /* Utils.swift */; };
		AFF034FF22CAB7B400FD5777 /* NewsTests.swift in Sources */ = {isa = PBXBuildFile; fileRef = AFF034FE22CAB7B400FD5777 /* NewsTests.swift */; };
		AFF0350722CABAB200FD5777 /* NewsApi.swift in Sources */ = {isa = PBXBuildFile; fileRef = AFF0350622CABAB200FD5777 /* NewsApi.swift */; };
		AFF0350A22CAC73700FD5777 /* ParameterEncoder.swift in Sources */ = {isa = PBXBuildFile; fileRef = AFF0350922CAC73700FD5777 /* ParameterEncoder.swift */; };
		AFF0350C22CAC76C00FD5777 /* Dispatcher.swift in Sources */ = {isa = PBXBuildFile; fileRef = AFF0350B22CAC76C00FD5777 /* Dispatcher.swift */; };
		AFF0350E22CAC7D400FD5777 /* NewsResponse.swift in Sources */ = {isa = PBXBuildFile; fileRef = AFF0350D22CAC7D400FD5777 /* NewsResponse.swift */; };
		AFF0351022CAC83300FD5777 /* Request.swift in Sources */ = {isa = PBXBuildFile; fileRef = AFF0350F22CAC83300FD5777 /* Request.swift */; };
		AFF0351222CAC85700FD5777 /* Response.swift in Sources */ = {isa = PBXBuildFile; fileRef = AFF0351122CAC85700FD5777 /* Response.swift */; };
		AFF0351422CAC89A00FD5777 /* HTTPMethod.swift in Sources */ = {isa = PBXBuildFile; fileRef = AFF0351322CAC89A00FD5777 /* HTTPMethod.swift */; };
		AFF0351622CAC8B900FD5777 /* Environment.swift in Sources */ = {isa = PBXBuildFile; fileRef = AFF0351522CAC8B900FD5777 /* Environment.swift */; };
		AFF0351822CAC8C900FD5777 /* Loader.swift in Sources */ = {isa = PBXBuildFile; fileRef = AFF0351722CAC8C900FD5777 /* Loader.swift */; };
/* End PBXBuildFile section */

/* Begin PBXContainerItemProxy section */
		AFF0350122CAB7B400FD5777 /* PBXContainerItemProxy */ = {
			isa = PBXContainerItemProxy;
			containerPortal = AFF0346422C4F48D00FD5777 /* Project object */;
			proxyType = 1;
			remoteGlobalIDString = AFF0346B22C4F48D00FD5777;
			remoteInfo = News;
		};
/* End PBXContainerItemProxy section */

/* Begin PBXFileReference section */
		AFF0346C22C4F48D00FD5777 /* News.app */ = {isa = PBXFileReference; explicitFileType = wrapper.application; includeInIndex = 0; path = News.app; sourceTree = BUILT_PRODUCTS_DIR; };
		AFF0346F22C4F48D00FD5777 /* AppDelegate.swift */ = {isa = PBXFileReference; lastKnownFileType = sourcecode.swift; path = AppDelegate.swift; sourceTree = "<group>"; };
		AFF0347122C4F48D00FD5777 /* NewsViewController.swift */ = {isa = PBXFileReference; lastKnownFileType = sourcecode.swift; path = NewsViewController.swift; sourceTree = "<group>"; };
		AFF0347422C4F48D00FD5777 /* Base */ = {isa = PBXFileReference; lastKnownFileType = file.storyboard; name = Base; path = Base.lproj/Main.storyboard; sourceTree = "<group>"; };
		AFF0347622C4F48E00FD5777 /* Assets.xcassets */ = {isa = PBXFileReference; lastKnownFileType = folder.assetcatalog; path = Assets.xcassets; sourceTree = "<group>"; };
		AFF0347922C4F48E00FD5777 /* Base */ = {isa = PBXFileReference; lastKnownFileType = file.storyboard; name = Base; path = Base.lproj/LaunchScreen.storyboard; sourceTree = "<group>"; };
		AFF0347B22C4F48E00FD5777 /* Info.plist */ = {isa = PBXFileReference; lastKnownFileType = text.plist.xml; path = Info.plist; sourceTree = "<group>"; };
		AFF0348F22C4F59400FD5777 /* NetworkManager.swift */ = {isa = PBXFileReference; lastKnownFileType = sourcecode.swift; path = NetworkManager.swift; sourceTree = "<group>"; };
		AFF0349122C5735400FD5777 /* NewsData.swift */ = {isa = PBXFileReference; lastKnownFileType = sourcecode.swift; path = NewsData.swift; sourceTree = "<group>"; };
		AFF0349322C5F10700FD5777 /* Extensions.swift */ = {isa = PBXFileReference; lastKnownFileType = sourcecode.swift; path = Extensions.swift; sourceTree = "<group>"; };
		AFF0349822C5FD3B00FD5777 /* NewsCell.swift */ = {isa = PBXFileReference; lastKnownFileType = sourcecode.swift; path = NewsCell.swift; sourceTree = "<group>"; };
		AFF0349A22C781DD00FD5777 /* LoaderCell.swift */ = {isa = PBXFileReference; lastKnownFileType = sourcecode.swift; path = LoaderCell.swift; sourceTree = "<group>"; };
		AFF0349C22C7A3AA00FD5777 /* Utils.swift */ = {isa = PBXFileReference; lastKnownFileType = sourcecode.swift; path = Utils.swift; sourceTree = "<group>"; };
		AFF034FC22CAB7B400FD5777 /* NewsTests.xctest */ = {isa = PBXFileReference; explicitFileType = wrapper.cfbundle; includeInIndex = 0; path = NewsTests.xctest; sourceTree = BUILT_PRODUCTS_DIR; };
		AFF034FE22CAB7B400FD5777 /* NewsTests.swift */ = {isa = PBXFileReference; lastKnownFileType = sourcecode.swift; path = NewsTests.swift; sourceTree = "<group>"; };
		AFF0350022CAB7B400FD5777 /* Info.plist */ = {isa = PBXFileReference; lastKnownFileType = text.plist.xml; path = Info.plist; sourceTree = "<group>"; };
		AFF0350622CABAB200FD5777 /* NewsApi.swift */ = {isa = PBXFileReference; lastKnownFileType = sourcecode.swift; path = NewsApi.swift; sourceTree = "<group>"; };
		AFF0350922CAC73700FD5777 /* ParameterEncoder.swift */ = {isa = PBXFileReference; lastKnownFileType = sourcecode.swift; path = ParameterEncoder.swift; sourceTree = "<group>"; };
		AFF0350B22CAC76C00FD5777 /* Dispatcher.swift */ = {isa = PBXFileReference; lastKnownFileType = sourcecode.swift; path = Dispatcher.swift; sourceTree = "<group>"; };
		AFF0350D22CAC7D400FD5777 /* NewsResponse.swift */ = {isa = PBXFileReference; lastKnownFileType = sourcecode.swift; path = NewsResponse.swift; sourceTree = "<group>"; };
		AFF0350F22CAC83300FD5777 /* Request.swift */ = {isa = PBXFileReference; lastKnownFileType = sourcecode.swift; path = Request.swift; sourceTree = "<group>"; };
		AFF0351122CAC85700FD5777 /* Response.swift */ = {isa = PBXFileReference; lastKnownFileType = sourcecode.swift; path = Response.swift; sourceTree = "<group>"; };
		AFF0351322CAC89A00FD5777 /* HTTPMethod.swift */ = {isa = PBXFileReference; lastKnownFileType = sourcecode.swift; path = HTTPMethod.swift; sourceTree = "<group>"; };
		AFF0351522CAC8B900FD5777 /* Environment.swift */ = {isa = PBXFileReference; lastKnownFileType = sourcecode.swift; path = Environment.swift; sourceTree = "<group>"; };
		AFF0351722CAC8C900FD5777 /* Loader.swift */ = {isa = PBXFileReference; lastKnownFileType = sourcecode.swift; path = Loader.swift; sourceTree = "<group>"; };
/* End PBXFileReference section */

/* Begin PBXFrameworksBuildPhase section */
		AFF0346922C4F48D00FD5777 /* Frameworks */ = {
			isa = PBXFrameworksBuildPhase;
			buildActionMask = 2147483647;
			files = (
			);
			runOnlyForDeploymentPostprocessing = 0;
		};
		AFF034F922CAB7B400FD5777 /* Frameworks */ = {
			isa = PBXFrameworksBuildPhase;
			buildActionMask = 2147483647;
			files = (
			);
			runOnlyForDeploymentPostprocessing = 0;
		};
/* End PBXFrameworksBuildPhase section */

/* Begin PBXGroup section */
		AFF0346322C4F48D00FD5777 = {
			isa = PBXGroup;
			children = (
				AFF0346E22C4F48D00FD5777 /* News */,
				AFF034FD22CAB7B400FD5777 /* NewsTests */,
				AFF0346D22C4F48D00FD5777 /* Products */,
			);
			sourceTree = "<group>";
		};
		AFF0346D22C4F48D00FD5777 /* Products */ = {
			isa = PBXGroup;
			children = (
				AFF0346C22C4F48D00FD5777 /* News.app */,
				AFF034FC22CAB7B400FD5777 /* NewsTests.xctest */,
			);
			name = Products;
			sourceTree = "<group>";
		};
		AFF0346E22C4F48D00FD5777 /* News */ = {
			isa = PBXGroup;
			children = (
				AFF0347B22C4F48E00FD5777 /* Info.plist */,
				AFF0351B22CAC98E00FD5777 /* Helpers */,
				AFF0351922CAC95200FD5777 /* Application */,
				AFF0350822CAC33100FD5777 /* Networking */,
				AFF0351D22CAC9CF00FD5777 /* Models */,
				AFF0351A22CAC98800FD5777 /* Views */,
				AFF0351C22CAC9B800FD5777 /* Controllers */,
			);
			path = News;
			sourceTree = "<group>";
		};
		AFF034FD22CAB7B400FD5777 /* NewsTests */ = {
			isa = PBXGroup;
			children = (
				AFF034FE22CAB7B400FD5777 /* NewsTests.swift */,
				AFF0350022CAB7B400FD5777 /* Info.plist */,
			);
			path = NewsTests;
			sourceTree = "<group>";
		};
		AFF0350822CAC33100FD5777 /* Networking */ = {
			isa = PBXGroup;
			children = (
				AFF0348F22C4F59400FD5777 /* NetworkManager.swift */,
				AFF0350622CABAB200FD5777 /* NewsApi.swift */,
				AFF0350922CAC73700FD5777 /* ParameterEncoder.swift */,
				AFF0350B22CAC76C00FD5777 /* Dispatcher.swift */,
				AFF0350D22CAC7D400FD5777 /* NewsResponse.swift */,
				AFF0350F22CAC83300FD5777 /* Request.swift */,
				AFF0351122CAC85700FD5777 /* Response.swift */,
				AFF0351322CAC89A00FD5777 /* HTTPMethod.swift */,
				AFF0351522CAC8B900FD5777 /* Environment.swift */,
				AFF0351722CAC8C900FD5777 /* Loader.swift */,
			);
			path = Networking;
			sourceTree = "<group>";
		};
		AFF0351922CAC95200FD5777 /* Application */ = {
			isa = PBXGroup;
			children = (
				AFF0347822C4F48E00FD5777 /* LaunchScreen.storyboard */,
				AFF0346F22C4F48D00FD5777 /* AppDelegate.swift */,
				AFF0347622C4F48E00FD5777 /* Assets.xcassets */,
			);
			path = Application;
			sourceTree = "<group>";
		};
		AFF0351A22CAC98800FD5777 /* Views */ = {
			isa = PBXGroup;
			children = (
				AFF0349822C5FD3B00FD5777 /* NewsCell.swift */,
				AFF0349A22C781DD00FD5777 /* LoaderCell.swift */,
			);
			path = Views;
			sourceTree = "<group>";
		};
		AFF0351B22CAC98E00FD5777 /* Helpers */ = {
			isa = PBXGroup;
			children = (
				AFF0349C22C7A3AA00FD5777 /* Utils.swift */,
				AFF0349322C5F10700FD5777 /* Extensions.swift */,
			);
			path = Helpers;
			sourceTree = "<group>";
		};
		AFF0351C22CAC9B800FD5777 /* Controllers */ = {
			isa = PBXGroup;
			children = (
				AFF0347122C4F48D00FD5777 /* NewsViewController.swift */,
				AFF0347322C4F48D00FD5777 /* Main.storyboard */,
			);
			path = Controllers;
			sourceTree = "<group>";
		};
		AFF0351D22CAC9CF00FD5777 /* Models */ = {
			isa = PBXGroup;
			children = (
				AFF0349122C5735400FD5777 /* NewsData.swift */,
			);
			path = Models;
			sourceTree = "<group>";
		};
/* End PBXGroup section */

/* Begin PBXNativeTarget section */
		AFF0346B22C4F48D00FD5777 /* News */ = {
			isa = PBXNativeTarget;
			buildConfigurationList = AFF0347E22C4F48E00FD5777 /* Build configuration list for PBXNativeTarget "News" */;
			buildPhases = (
				AFF0346822C4F48D00FD5777 /* Sources */,
				AFF0346922C4F48D00FD5777 /* Frameworks */,
				AFF0346A22C4F48D00FD5777 /* Resources */,
			);
			buildRules = (
			);
			dependencies = (
			);
			name = News;
			productName = News;
			productReference = AFF0346C22C4F48D00FD5777 /* News.app */;
			productType = "com.apple.product-type.application";
		};
		AFF034FB22CAB7B400FD5777 /* NewsTests */ = {
			isa = PBXNativeTarget;
			buildConfigurationList = AFF0350322CAB7B400FD5777 /* Build configuration list for PBXNativeTarget "NewsTests" */;
			buildPhases = (
				AFF034F822CAB7B400FD5777 /* Sources */,
				AFF034F922CAB7B400FD5777 /* Frameworks */,
				AFF034FA22CAB7B400FD5777 /* Resources */,
			);
			buildRules = (
			);
			dependencies = (
				AFF0350222CAB7B400FD5777 /* PBXTargetDependency */,
			);
			name = NewsTests;
			productName = NewsTests;
			productReference = AFF034FC22CAB7B400FD5777 /* NewsTests.xctest */;
			productType = "com.apple.product-type.bundle.unit-test";
		};
/* End PBXNativeTarget section */

/* Begin PBXProject section */
		AFF0346422C4F48D00FD5777 /* Project object */ = {
			isa = PBXProject;
			attributes = {
				LastSwiftUpdateCheck = 1020;
				LastUpgradeCheck = 1020;
				ORGANIZATIONNAME = "Zhanna Sargsyan";
				TargetAttributes = {
					AFF0346B22C4F48D00FD5777 = {
						CreatedOnToolsVersion = 10.2.1;
					};
					AFF034FB22CAB7B400FD5777 = {
						CreatedOnToolsVersion = 10.2.1;
						TestTargetID = AFF0346B22C4F48D00FD5777;
					};
				};
			};
			buildConfigurationList = AFF0346722C4F48D00FD5777 /* Build configuration list for PBXProject "News" */;
			compatibilityVersion = "Xcode 9.3";
			developmentRegion = en;
			hasScannedForEncodings = 0;
			knownRegions = (
				en,
				Base,
			);
			mainGroup = AFF0346322C4F48D00FD5777;
			productRefGroup = AFF0346D22C4F48D00FD5777 /* Products */;
			projectDirPath = "";
			projectRoot = "";
			targets = (
				AFF0346B22C4F48D00FD5777 /* News */,
				AFF034FB22CAB7B400FD5777 /* NewsTests */,
			);
		};
/* End PBXProject section */

/* Begin PBXResourcesBuildPhase section */
		AFF0346A22C4F48D00FD5777 /* Resources */ = {
			isa = PBXResourcesBuildPhase;
			buildActionMask = 2147483647;
			files = (
				AFF0347A22C4F48E00FD5777 /* LaunchScreen.storyboard in Resources */,
				AFF0347722C4F48E00FD5777 /* Assets.xcassets in Resources */,
				AFF0347522C4F48D00FD5777 /* Main.storyboard in Resources */,
			);
			runOnlyForDeploymentPostprocessing = 0;
		};
		AFF034FA22CAB7B400FD5777 /* Resources */ = {
			isa = PBXResourcesBuildPhase;
			buildActionMask = 2147483647;
			files = (
			);
			runOnlyForDeploymentPostprocessing = 0;
		};
/* End PBXResourcesBuildPhase section */

/* Begin PBXSourcesBuildPhase section */
		AFF0346822C4F48D00FD5777 /* Sources */ = {
			isa = PBXSourcesBuildPhase;
			buildActionMask = 2147483647;
			files = (
				AFF0349422C5F10700FD5777 /* Extensions.swift in Sources */,
				AFF0351622CAC8B900FD5777 /* Environment.swift in Sources */,
				AFF0351022CAC83300FD5777 /* Request.swift in Sources */,
				AFF0349222C5735400FD5777 /* NewsData.swift in Sources */,
				AFF0349022C4F59400FD5777 /* NetworkManager.swift in Sources */,
				AFF0349B22C781DD00FD5777 /* LoaderCell.swift in Sources */,
				AFF0350E22CAC7D400FD5777 /* NewsResponse.swift in Sources */,
				AFF0351222CAC85700FD5777 /* Response.swift in Sources */,
				AFF0351822CAC8C900FD5777 /* Loader.swift in Sources */,
				AFF0347222C4F48D00FD5777 /* NewsViewController.swift in Sources */,
				AFF0351422CAC89A00FD5777 /* HTTPMethod.swift in Sources */,
				AFF0349922C5FD3B00FD5777 /* NewsCell.swift in Sources */,
				AFF0347022C4F48D00FD5777 /* AppDelegate.swift in Sources */,
				AFF0350C22CAC76C00FD5777 /* Dispatcher.swift in Sources */,
				AFF0350722CABAB200FD5777 /* NewsApi.swift in Sources */,
				AFF0350A22CAC73700FD5777 /* ParameterEncoder.swift in Sources */,
				AFF0349D22C7A3AA00FD5777 /* Utils.swift in Sources */,
			);
			runOnlyForDeploymentPostprocessing = 0;
		};
		AFF034F822CAB7B400FD5777 /* Sources */ = {
			isa = PBXSourcesBuildPhase;
			buildActionMask = 2147483647;
			files = (
				AFF034FF22CAB7B400FD5777 /* NewsTests.swift in Sources */,
			);
			runOnlyForDeploymentPostprocessing = 0;
		};
/* End PBXSourcesBuildPhase section */

/* Begin PBXTargetDependency section */
		AFF0350222CAB7B400FD5777 /* PBXTargetDependency */ = {
			isa = PBXTargetDependency;
			target = AFF0346B22C4F48D00FD5777 /* News */;
			targetProxy = AFF0350122CAB7B400FD5777 /* PBXContainerItemProxy */;
		};
/* End PBXTargetDependency section */

/* Begin PBXVariantGroup section */
		AFF0347322C4F48D00FD5777 /* Main.storyboard */ = {
			isa = PBXVariantGroup;
			children = (
				AFF0347422C4F48D00FD5777 /* Base */,
			);
			name = Main.storyboard;
			sourceTree = "<group>";
		};
		AFF0347822C4F48E00FD5777 /* LaunchScreen.storyboard */ = {
			isa = PBXVariantGroup;
			children = (
				AFF0347922C4F48E00FD5777 /* Base */,
			);
			name = LaunchScreen.storyboard;
			sourceTree = "<group>";
		};
/* End PBXVariantGroup section */

/* Begin XCBuildConfiguration section */
		AFF0347C22C4F48E00FD5777 /* Debug */ = {
			isa = XCBuildConfiguration;
			buildSettings = {
				ALWAYS_SEARCH_USER_PATHS = NO;
				CLANG_ANALYZER_NONNULL = YES;
				CLANG_ANALYZER_NUMBER_OBJECT_CONVERSION = YES_AGGRESSIVE;
				CLANG_CXX_LANGUAGE_STANDARD = "gnu++14";
				CLANG_CXX_LIBRARY = "libc++";
				CLANG_ENABLE_MODULES = YES;
				CLANG_ENABLE_OBJC_ARC = YES;
				CLANG_ENABLE_OBJC_WEAK = YES;
				CLANG_WARN_BLOCK_CAPTURE_AUTORELEASING = YES;
				CLANG_WARN_BOOL_CONVERSION = YES;
				CLANG_WARN_COMMA = YES;
				CLANG_WARN_CONSTANT_CONVERSION = YES;
				CLANG_WARN_DEPRECATED_OBJC_IMPLEMENTATIONS = YES;
				CLANG_WARN_DIRECT_OBJC_ISA_USAGE = YES_ERROR;
				CLANG_WARN_DOCUMENTATION_COMMENTS = YES;
				CLANG_WARN_EMPTY_BODY = YES;
				CLANG_WARN_ENUM_CONVERSION = YES;
				CLANG_WARN_INFINITE_RECURSION = YES;
				CLANG_WARN_INT_CONVERSION = YES;
				CLANG_WARN_NON_LITERAL_NULL_CONVERSION = YES;
				CLANG_WARN_OBJC_IMPLICIT_RETAIN_SELF = YES;
				CLANG_WARN_OBJC_LITERAL_CONVERSION = YES;
				CLANG_WARN_OBJC_ROOT_CLASS = YES_ERROR;
				CLANG_WARN_RANGE_LOOP_ANALYSIS = YES;
				CLANG_WARN_STRICT_PROTOTYPES = YES;
				CLANG_WARN_SUSPICIOUS_MOVE = YES;
				CLANG_WARN_UNGUARDED_AVAILABILITY = YES_AGGRESSIVE;
				CLANG_WARN_UNREACHABLE_CODE = YES;
				CLANG_WARN__DUPLICATE_METHOD_MATCH = YES;
				CODE_SIGN_IDENTITY = "iPhone Developer";
				COPY_PHASE_STRIP = NO;
				DEBUG_INFORMATION_FORMAT = dwarf;
				ENABLE_STRICT_OBJC_MSGSEND = YES;
				ENABLE_TESTABILITY = YES;
				GCC_C_LANGUAGE_STANDARD = gnu11;
				GCC_DYNAMIC_NO_PIC = NO;
				GCC_NO_COMMON_BLOCKS = YES;
				GCC_OPTIMIZATION_LEVEL = 0;
				GCC_PREPROCESSOR_DEFINITIONS = (
					"DEBUG=1",
					"$(inherited)",
				);
				GCC_WARN_64_TO_32_BIT_CONVERSION = YES;
				GCC_WARN_ABOUT_RETURN_TYPE = YES_ERROR;
				GCC_WARN_UNDECLARED_SELECTOR = YES;
				GCC_WARN_UNINITIALIZED_AUTOS = YES_AGGRESSIVE;
				GCC_WARN_UNUSED_FUNCTION = YES;
				GCC_WARN_UNUSED_VARIABLE = YES;
				IPHONEOS_DEPLOYMENT_TARGET = 12.2;
				MTL_ENABLE_DEBUG_INFO = INCLUDE_SOURCE;
				MTL_FAST_MATH = YES;
				ONLY_ACTIVE_ARCH = YES;
				SDKROOT = iphoneos;
				SWIFT_ACTIVE_COMPILATION_CONDITIONS = DEBUG;
				SWIFT_OPTIMIZATION_LEVEL = "-Onone";
			};
			name = Debug;
		};
		AFF0347D22C4F48E00FD5777 /* Release */ = {
			isa = XCBuildConfiguration;
			buildSettings = {
				ALWAYS_SEARCH_USER_PATHS = NO;
				CLANG_ANALYZER_NONNULL = YES;
				CLANG_ANALYZER_NUMBER_OBJECT_CONVERSION = YES_AGGRESSIVE;
				CLANG_CXX_LANGUAGE_STANDARD = "gnu++14";
				CLANG_CXX_LIBRARY = "libc++";
				CLANG_ENABLE_MODULES = YES;
				CLANG_ENABLE_OBJC_ARC = YES;
				CLANG_ENABLE_OBJC_WEAK = YES;
				CLANG_WARN_BLOCK_CAPTURE_AUTORELEASING = YES;
				CLANG_WARN_BOOL_CONVERSION = YES;
				CLANG_WARN_COMMA = YES;
				CLANG_WARN_CONSTANT_CONVERSION = YES;
				CLANG_WARN_DEPRECATED_OBJC_IMPLEMENTATIONS = YES;
				CLANG_WARN_DIRECT_OBJC_ISA_USAGE = YES_ERROR;
				CLANG_WARN_DOCUMENTATION_COMMENTS = YES;
				CLANG_WARN_EMPTY_BODY = YES;
				CLANG_WARN_ENUM_CONVERSION = YES;
				CLANG_WARN_INFINITE_RECURSION = YES;
				CLANG_WARN_INT_CONVERSION = YES;
				CLANG_WARN_NON_LITERAL_NULL_CONVERSION = YES;
				CLANG_WARN_OBJC_IMPLICIT_RETAIN_SELF = YES;
				CLANG_WARN_OBJC_LITERAL_CONVERSION = YES;
				CLANG_WARN_OBJC_ROOT_CLASS = YES_ERROR;
				CLANG_WARN_RANGE_LOOP_ANALYSIS = YES;
				CLANG_WARN_STRICT_PROTOTYPES = YES;
				CLANG_WARN_SUSPICIOUS_MOVE = YES;
				CLANG_WARN_UNGUARDED_AVAILABILITY = YES_AGGRESSIVE;
				CLANG_WARN_UNREACHABLE_CODE = YES;
				CLANG_WARN__DUPLICATE_METHOD_MATCH = YES;
				CODE_SIGN_IDENTITY = "iPhone Developer";
				COPY_PHASE_STRIP = NO;
				DEBUG_INFORMATION_FORMAT = "dwarf-with-dsym";
				ENABLE_NS_ASSERTIONS = NO;
				ENABLE_STRICT_OBJC_MSGSEND = YES;
				GCC_C_LANGUAGE_STANDARD = gnu11;
				GCC_NO_COMMON_BLOCKS = YES;
				GCC_WARN_64_TO_32_BIT_CONVERSION = YES;
				GCC_WARN_ABOUT_RETURN_TYPE = YES_ERROR;
				GCC_WARN_UNDECLARED_SELECTOR = YES;
				GCC_WARN_UNINITIALIZED_AUTOS = YES_AGGRESSIVE;
				GCC_WARN_UNUSED_FUNCTION = YES;
				GCC_WARN_UNUSED_VARIABLE = YES;
				IPHONEOS_DEPLOYMENT_TARGET = 12.2;
				MTL_ENABLE_DEBUG_INFO = NO;
				MTL_FAST_MATH = YES;
				SDKROOT = iphoneos;
				SWIFT_COMPILATION_MODE = wholemodule;
				SWIFT_OPTIMIZATION_LEVEL = "-O";
				VALIDATE_PRODUCT = YES;
			};
			name = Release;
		};
		AFF0347F22C4F48E00FD5777 /* Debug */ = {
			isa = XCBuildConfiguration;
			buildSettings = {
				ASSETCATALOG_COMPILER_APPICON_NAME = AppIcon;
				CODE_SIGN_STYLE = Automatic;
				INFOPLIST_FILE = News/Info.plist;
				LD_RUNPATH_SEARCH_PATHS = (
					"$(inherited)",
					"@executable_path/Frameworks",
				);
				PRODUCT_BUNDLE_IDENTIFIER = com.zhanna.News;
				PRODUCT_NAME = "$(TARGET_NAME)";
				SWIFT_VERSION = 5.0;
				TARGETED_DEVICE_FAMILY = "1,2";
			};
			name = Debug;
		};
		AFF0348022C4F48E00FD5777 /* Release */ = {
			isa = XCBuildConfiguration;
			buildSettings = {
				ASSETCATALOG_COMPILER_APPICON_NAME = AppIcon;
				CODE_SIGN_STYLE = Automatic;
				INFOPLIST_FILE = News/Info.plist;
				LD_RUNPATH_SEARCH_PATHS = (
					"$(inherited)",
					"@executable_path/Frameworks",
				);
				PRODUCT_BUNDLE_IDENTIFIER = com.zhanna.News;
				PRODUCT_NAME = "$(TARGET_NAME)";
				SWIFT_VERSION = 5.0;
				TARGETED_DEVICE_FAMILY = "1,2";
			};
			name = Release;
		};
		AFF0350422CAB7B400FD5777 /* Debug */ = {
			isa = XCBuildConfiguration;
			buildSettings = {
				BUNDLE_LOADER = "$(TEST_HOST)";
				CODE_SIGN_STYLE = Automatic;
				INFOPLIST_FILE = NewsTests/Info.plist;
				LD_RUNPATH_SEARCH_PATHS = (
					"$(inherited)",
					"@executable_path/Frameworks",
					"@loader_path/Frameworks",
				);
				PRODUCT_BUNDLE_IDENTIFIER = com.zhanna.NewsTests;
				PRODUCT_NAME = "$(TARGET_NAME)";
				SWIFT_VERSION = 5.0;
				TARGETED_DEVICE_FAMILY = "1,2";
				TEST_HOST = "$(BUILT_PRODUCTS_DIR)/News.app/News";
			};
			name = Debug;
		};
		AFF0350522CAB7B400FD5777 /* Release */ = {
			isa = XCBuildConfiguration;
			buildSettings = {
				BUNDLE_LOADER = "$(TEST_HOST)";
				CODE_SIGN_STYLE = Automatic;
				INFOPLIST_FILE = NewsTests/Info.plist;
				LD_RUNPATH_SEARCH_PATHS = (
					"$(inherited)",
					"@executable_path/Frameworks",
					"@loader_path/Frameworks",
				);
				PRODUCT_BUNDLE_IDENTIFIER = com.zhanna.NewsTests;
				PRODUCT_NAME = "$(TARGET_NAME)";
				SWIFT_VERSION = 5.0;
				TARGETED_DEVICE_FAMILY = "1,2";
				TEST_HOST = "$(BUILT_PRODUCTS_DIR)/News.app/News";
			};
			name = Release;
		};
/* End XCBuildConfiguration section */

/* Begin XCConfigurationList section */
		AFF0346722C4F48D00FD5777 /* Build configuration list for PBXProject "News" */ = {
			isa = XCConfigurationList;
			buildConfigurations = (
				AFF0347C22C4F48E00FD5777 /* Debug */,
				AFF0347D22C4F48E00FD5777 /* Release */,
			);
			defaultConfigurationIsVisible = 0;
			defaultConfigurationName = Release;
		};
		AFF0347E22C4F48E00FD5777 /* Build configuration list for PBXNativeTarget "News" */ = {
			isa = XCConfigurationList;
			buildConfigurations = (
				AFF0347F22C4F48E00FD5777 /* Debug */,
				AFF0348022C4F48E00FD5777 /* Release */,
			);
			defaultConfigurationIsVisible = 0;
			defaultConfigurationName = Release;
		};
		AFF0350322CAB7B400FD5777 /* Build configuration list for PBXNativeTarget "NewsTests" */ = {
			isa = XCConfigurationList;
			buildConfigurations = (
				AFF0350422CAB7B400FD5777 /* Debug */,
				AFF0350522CAB7B400FD5777 /* Release */,
			);
			defaultConfigurationIsVisible = 0;
			defaultConfigurationName = Release;
		};
/* End XCConfigurationList section */
	};
	rootObject = AFF0346422C4F48D00FD5777 /* Project object */;
}
